<?xml version="1.0" encoding="utf-8"?>
<Project ToolsVersion="4.0" xmlns="http://schemas.microsoft.com/developer/msbuild/2003">
  <ItemGroup>
    <Filter Include="Source Files">
      <UniqueIdentifier>{4FC737F1-C7A5-4376-A066-2A32D752A2FF}</UniqueIdentifier>
      <Extensions>cpp;c;cc;cxx;def;odl;idl;hpj;bat;asm;asmx</Extensions>
    </Filter>
    <Filter Include="Header Files">
      <UniqueIdentifier>{93995380-89BD-4b04-88EB-625FBE52EBFB}</UniqueIdentifier>
      <Extensions>h;hh;hpp;hxx;hm;inl;inc;xsd</Extensions>
    </Filter>
    <Filter Include="Header Files\policies">
      <UniqueIdentifier>{450e75a3-7a2c-47fe-85c2-67a222126bad}</UniqueIdentifier>
    </Filter>
    <Filter Include="Header Files\action">
      <UniqueIdentifier>{0d962cad-57d6-43bc-be31-31ff1b5ab233}</UniqueIdentifier>
    </Filter>
    <Filter Include="Header Files\interfaces">
      <UniqueIdentifier>{b3b02932-d270-4882-a4c8-30c604b0e51d}</UniqueIdentifier>
    </Filter>
    <Filter Include="Source Files\action">
      <UniqueIdentifier>{ec95f1ec-9b37-430b-b8d7-216091e552f5}</UniqueIdentifier>
    </Filter>
  </ItemGroup>
  <ItemGroup>
    <ClInclude Include="Connection.h">
      <Filter>Header Files</Filter>
    </ClInclude>
    <ClInclude Include="MqttBrokerEndPoint.h">
      <Filter>Header Files</Filter>
    </ClInclude>
    <ClInclude Include="MqttClientEndPoint.h">
      <Filter>Header Files</Filter>
    </ClInclude>
    <ClInclude Include="Topics.h">
      <Filter>Header Files</Filter>
    </ClInclude>
    <ClInclude Include="IConnectionPolicy.h">
      <Filter>Header Files\policies</Filter>
    </ClInclude>
    <ClInclude Include="DefaultConnectionPolicy.h">
      <Filter>Header Files\policies</Filter>
    </ClInclude>
    <ClInclude Include="OneTimeConnectionPolicy.h">
      <Filter>Header Files\policies</Filter>
    </ClInclude>
    <ClInclude Include="PreciseDeliveryConnectionPolicy.h">
      <Filter>Header Files\policies</Filter>
    </ClInclude>
    <ClInclude Include="QualityOfService.h">
      <Filter>Header Files\policies</Filter>
    </ClInclude>
    <ClInclude Include="Action.h">
      <Filter>Header Files\action</Filter>
    </ClInclude>
    <ClInclude Include="CommonActionListener.h">
      <Filter>Header Files\action</Filter>
    </ClInclude>
    <ClInclude Include="IActionStatusObserver.h">
      <Filter>Header Files\interfaces</Filter>
    </ClInclude>
  </ItemGroup>
  <ItemGroup>
    <ClCompile Include="MqttBrokerEndPoint.cpp">
      <Filter>Source Files</Filter>
    </ClCompile>
    <ClCompile Include="Topics.cpp">
      <Filter>Source Files</Filter>
    </ClCompile>
    <ClCompile Include="Connection.cpp">
      <Filter>Source Files</Filter>
    </ClCompile>
    <ClCompile Include="CommonActionListener.cpp">
      <Filter>Source Files\action</Filter>
    </ClCompile>
  </ItemGroup>
</Project>