<?xml version="1.0" encoding="utf-8"?>
<Project ToolsVersion="4.0" xmlns="http://schemas.microsoft.com/developer/msbuild/2003">
  <ItemGroup>
    <Filter Include="Source Files">
      <UniqueIdentifier>{4FC737F1-C7A5-4376-A066-2A32D752A2FF}</UniqueIdentifier>
      <Extensions>cpp;c;cc;cxx;def;odl;idl;hpj;bat;asm;asmx</Extensions>
    </Filter>
    <Filter Include="Header Files">
      <UniqueIdentifier>{93995380-89BD-4b04-88EB-625FBE52EBFB}</UniqueIdentifier>
      <Extensions>h;hh;hpp;hxx;hm;inl;inc;xsd</Extensions>
    </Filter>
    <Filter Include="Header Files\win">
      <UniqueIdentifier>{bc59e57b-d3a5-4c37-80d9-376acd213747}</UniqueIdentifier>
    </Filter>
    <Filter Include="Source Files\win">
      <UniqueIdentifier>{de517288-ed2d-42d3-af8e-e315e691badf}</UniqueIdentifier>
    </Filter>
  </ItemGroup>
  <ItemGroup>
    <ClInclude Include="UUIDGenerator.h">
      <Filter>Header Files</Filter>
    </ClInclude>
    <ClInclude Include="ThreadTimer.h">
      <Filter>Header Files</Filter>
    </ClInclude>
    <ClInclude Include="WinRegistry.h">
      <Filter>Header Files\win</Filter>
    </ClInclude>
    <ClInclude Include="Win32Exception.h">
      <Filter>Header Files\win</Filter>
    </ClInclude>
    <ClInclude Include="WinServiceUtils.h">
      <Filter>Header Files\win</Filter>
    </ClInclude>
    <ClInclude Include="StringUtils.h">
      <Filter>Header Files</Filter>
    </ClInclude>
    <ClInclude Include="RegKeyGuard.h">
      <Filter>Header Files\win</Filter>
    </ClInclude>
    <ClInclude Include="WinUtils.h">
      <Filter>Header Files\win</Filter>
    </ClInclude>
    <ClInclude Include="HandleGuard.h">
      <Filter>Header Files\win</Filter>
    </ClInclude>
    <ClInclude Include="WinProcessUtils.h">
      <Filter>Header Files\win</Filter>
    </ClInclude>
    <ClInclude Include="SpdLocalLog.h">
      <Filter>Header Files</Filter>
    </ClInclude>
  </ItemGroup>
  <ItemGroup>
    <ClCompile Include="UUIDGenerator.cpp">
      <Filter>Source Files</Filter>
    </ClCompile>
    <ClCompile Include="ThreadTimer.cpp">
      <Filter>Source Files</Filter>
    </ClCompile>
    <ClCompile Include="WinServiceUtils.cpp">
      <Filter>Source Files\win</Filter>
    </ClCompile>
    <ClCompile Include="WinRegistry.cpp">
      <Filter>Source Files\win</Filter>
    </ClCompile>
    <ClCompile Include="StringUtils.cpp">
      <Filter>Source Files</Filter>
    </ClCompile>
    <ClCompile Include="WinUtils.cpp">
      <Filter>Source Files\win</Filter>
    </ClCompile>
    <ClCompile Include="WinProcessUtils.cpp">
      <Filter>Source Files\win</Filter>
    </ClCompile>
  </ItemGroup>
</Project>