
Microsoft Visual Studio Solution File, Format Version 12.00
# Visual Studio 14
VisualStudioVersion = 14.0.23107.0
MinimumVisualStudioVersion = 10.0.40219.1
Project("{2150E333-8FDC-42A3-9474-1A3956D46DE8}") = "third-parties", "third-parties", "{E26BCE76-2B4A-47F3-BBD3-2613C57D48D2}"
EndProject
Project("{8BC9CEB8-8B4A-11D0-8D11-00A0C91BC942}") = "paho-mqtt-cpp", "third-parties\paho.mqtt.cpp\platforms\windows\paho-mqtt-cpp\paho-mqtt-cpp.vcxproj", "{F42D7A64-6A69-4466-AD3F-BB9168EC1EC7}"
EndProject
Project("{8BC9CEB8-8B4A-11D0-8D11-00A0C91BC942}") = "utils", "utils\utils.vcxproj", "{33F541C0-8ABE-40A6-9519-AEC0CBA980E9}"
EndProject
Project("{8BC9CEB8-8B4A-11D0-8D11-00A0C91BC942}") = "gtest", "third-parties\googletest\msvc\gtest.vcxproj", "{C8F6C172-56F2-4E76-B5FA-C3B423B31BE7}"
EndProject
Project("{2150E333-8FDC-42A3-9474-1A3956D46DE8}") = "test", "test", "{659C1BF5-C0F7-4A1D-9102-C5FFB84BEBE0}"
EndProject
Project("{8BC9CEB8-8B4A-11D0-8D11-00A0C91BC942}") = "gmock", "third-parties\googlemock\msvc\2015\gmock.vcxproj", "{34681F0D-CE45-415D-B5F2-5C662DFE3BD5}"
EndProject
Project("{8BC9CEB8-8B4A-11D0-8D11-00A0C91BC942}") = "mqtt-transport", "transport\mqtt-transport\mqtt-transport.vcxproj", "{F53FE4F8-D750-44B5-9D80-700EAF1790F4}"
EndProject
Project("{8BC9CEB8-8B4A-11D0-8D11-00A0C91BC942}") = "mqtt-transport-unit-test", "..\test\mqtt-transport-unit-test\mqtt-transport-unit-test.vcxproj", "{EFF95C8B-85D2-4B36-A777-3B01A5A36BAF}"
EndProject
Global
	GlobalSection(SolutionConfigurationPlatforms) = preSolution
		Debug|x64 = Debug|x64
		Debug|x86 = Debug|x86
		Release|x64 = Release|x64
		Release|x86 = Release|x86
	EndGlobalSection
	GlobalSection(ProjectConfigurationPlatforms) = postSolution
		{F42D7A64-6A69-4466-AD3F-BB9168EC1EC7}.Debug|x64.ActiveCfg = Debug|x64
		{F42D7A64-6A69-4466-AD3F-BB9168EC1EC7}.Debug|x64.Build.0 = Debug|x64
		{F42D7A64-6A69-4466-AD3F-BB9168EC1EC7}.Debug|x86.ActiveCfg = Debug|Win32
		{F42D7A64-6A69-4466-AD3F-BB9168EC1EC7}.Debug|x86.Build.0 = Debug|Win32
		{F42D7A64-6A69-4466-AD3F-BB9168EC1EC7}.Release|x64.ActiveCfg = Release|x64
		{F42D7A64-6A69-4466-AD3F-BB9168EC1EC7}.Release|x64.Build.0 = Release|x64
		{F42D7A64-6A69-4466-AD3F-BB9168EC1EC7}.Release|x86.ActiveCfg = Release|Win32
		{F42D7A64-6A69-4466-AD3F-BB9168EC1EC7}.Release|x86.Build.0 = Release|Win32
		{33F541C0-8ABE-40A6-9519-AEC0CBA980E9}.Debug|x64.ActiveCfg = Debug|x64
		{33F541C0-8ABE-40A6-9519-AEC0CBA980E9}.Debug|x64.Build.0 = Debug|x64
		{33F541C0-8ABE-40A6-9519-AEC0CBA980E9}.Debug|x86.ActiveCfg = Debug|Win32
		{33F541C0-8ABE-40A6-9519-AEC0CBA980E9}.Debug|x86.Build.0 = Debug|Win32
		{33F541C0-8ABE-40A6-9519-AEC0CBA980E9}.Release|x64.ActiveCfg = Release|x64
		{33F541C0-8ABE-40A6-9519-AEC0CBA980E9}.Release|x64.Build.0 = Release|x64
		{33F541C0-8ABE-40A6-9519-AEC0CBA980E9}.Release|x86.ActiveCfg = Release|Win32
		{33F541C0-8ABE-40A6-9519-AEC0CBA980E9}.Release|x86.Build.0 = Release|Win32
		{C8F6C172-56F2-4E76-B5FA-C3B423B31BE7}.Debug|x64.ActiveCfg = Debug|Win32
		{C8F6C172-56F2-4E76-B5FA-C3B423B31BE7}.Debug|x86.ActiveCfg = Debug|Win32
		{C8F6C172-56F2-4E76-B5FA-C3B423B31BE7}.Debug|x86.Build.0 = Debug|Win32
		{C8F6C172-56F2-4E76-B5FA-C3B423B31BE7}.Release|x64.ActiveCfg = Release|Win32
		{C8F6C172-56F2-4E76-B5FA-C3B423B31BE7}.Release|x86.ActiveCfg = Release|Win32
		{C8F6C172-56F2-4E76-B5FA-C3B423B31BE7}.Release|x86.Build.0 = Release|Win32
		{34681F0D-CE45-415D-B5F2-5C662DFE3BD5}.Debug|x64.ActiveCfg = Debug|Win32
		{34681F0D-CE45-415D-B5F2-5C662DFE3BD5}.Debug|x86.ActiveCfg = Debug|Win32
		{34681F0D-CE45-415D-B5F2-5C662DFE3BD5}.Debug|x86.Build.0 = Debug|Win32
		{34681F0D-CE45-415D-B5F2-5C662DFE3BD5}.Release|x64.ActiveCfg = Release|Win32
		{34681F0D-CE45-415D-B5F2-5C662DFE3BD5}.Release|x86.ActiveCfg = Release|Win32
		{34681F0D-CE45-415D-B5F2-5C662DFE3BD5}.Release|x86.Build.0 = Release|Win32
		{F53FE4F8-D750-44B5-9D80-700EAF1790F4}.Debug|x64.ActiveCfg = Debug|x64
		{F53FE4F8-D750-44B5-9D80-700EAF1790F4}.Debug|x64.Build.0 = Debug|x64
		{F53FE4F8-D750-44B5-9D80-700EAF1790F4}.Debug|x86.ActiveCfg = Debug|Win32
		{F53FE4F8-D750-44B5-9D80-700EAF1790F4}.Debug|x86.Build.0 = Debug|Win32
		{F53FE4F8-D750-44B5-9D80-700EAF1790F4}.Release|x64.ActiveCfg = Release|x64
		{F53FE4F8-D750-44B5-9D80-700EAF1790F4}.Release|x64.Build.0 = Release|x64
		{F53FE4F8-D750-44B5-9D80-700EAF1790F4}.Release|x86.ActiveCfg = Release|Win32
		{F53FE4F8-D750-44B5-9D80-700EAF1790F4}.Release|x86.Build.0 = Release|Win32
		{EFF95C8B-85D2-4B36-A777-3B01A5A36BAF}.Debug|x64.ActiveCfg = Debug|x64
		{EFF95C8B-85D2-4B36-A777-3B01A5A36BAF}.Debug|x64.Build.0 = Debug|x64
		{EFF95C8B-85D2-4B36-A777-3B01A5A36BAF}.Debug|x86.ActiveCfg = Debug|Win32
		{EFF95C8B-85D2-4B36-A777-3B01A5A36BAF}.Debug|x86.Build.0 = Debug|Win32
		{EFF95C8B-85D2-4B36-A777-3B01A5A36BAF}.Release|x64.ActiveCfg = Release|x64
		{EFF95C8B-85D2-4B36-A777-3B01A5A36BAF}.Release|x64.Build.0 = Release|x64
		{EFF95C8B-85D2-4B36-A777-3B01A5A36BAF}.Release|x86.ActiveCfg = Release|Win32
		{EFF95C8B-85D2-4B36-A777-3B01A5A36BAF}.Release|x86.Build.0 = Release|Win32
	EndGlobalSection
	GlobalSection(SolutionProperties) = preSolution
		HideSolutionNode = FALSE
	EndGlobalSection
	GlobalSection(NestedProjects) = preSolution
		{F42D7A64-6A69-4466-AD3F-BB9168EC1EC7} = {E26BCE76-2B4A-47F3-BBD3-2613C57D48D2}
		{C8F6C172-56F2-4E76-B5FA-C3B423B31BE7} = {E26BCE76-2B4A-47F3-BBD3-2613C57D48D2}
		{34681F0D-CE45-415D-B5F2-5C662DFE3BD5} = {E26BCE76-2B4A-47F3-BBD3-2613C57D48D2}
		{EFF95C8B-85D2-4B36-A777-3B01A5A36BAF} = {659C1BF5-C0F7-4A1D-9102-C5FFB84BEBE0}
	EndGlobalSection
EndGlobal
